{
  "name": "xvm-auth-worker",
  "version": "1.0.0",
  "lockfileVersion": 3,
  "requires": true,
  "packages": {
    "": {
      "name": "xvm-auth-worker",
      "version": "1.0.0",
      "dependencies": {
        "better-auth": "1.4.0",
        "hono": "4.13.1"
      }
    },
    "node_modules/@better-auth/core": {
      "version": "1.4.0",
      "resolved": "https://registry.npmjs.org/@better-auth/core/-/core-1.4.0.tgz",
      "integrity": "sha512-HaHJ9jlxg4+clgspfrmRPrbkG2G2NFisgo2G+qFxfcRBpTAg+/VNLP4vfGMq7Pmj9CjZLLyk9sas/+zEE5ejuQ==",
      "dependencies": {
        "@standard-schema/spec": "^1.0.0",
        "zod": "^4.1.12"
      },
      "peerDependencies": {
        "@better-auth/utils": "0.3.0",
        "@better-fetch/fetch": "1.1.18",
        "better-call": "1.1.0",
        "jose": "^6.1.0",
        "kysely": "^0.28.5",
        "nanostores": "^1.0.1"
      }
    },
    "node_modules/@better-auth/telemetry": {
      "version": "1.4.0",
      "resolved": "https://registry.npmjs.org/@better-auth/telemetry/-/telemetry-1.4.0.tgz",
      "integrity": "sha512-nNTx9GP4o+5aZhP/ii1RzvkvYu+wnIZj55CoZPms/7+JHfS8qz3zhgy+/nVHGQhUpE52VekFPNTIURzkhAeeUg==",
      "dependencies": {
        "@better-auth/utils": "0.3.0",
        "@better-fetch/fetch": "1.1.18"
      },
      "peerDependencies": {
        "@better-auth/core": "1.4.0"
      }
    },
    "node_modules/@better-auth/utils": {
      "version": "0.3.0",
      "resolved": "https://registry.npmjs.org/@better-auth/utils/-/utils-0.3.0.tgz",
      "integrity": "sha512-W+Adw6ZA6mgvnSnhOki270rwJ42t4XzSK6YWGF//BbVXL6SwCLWfyzBc1lN2m/4RM28KubdBKQ4X5VMoLRNPQw==",
      "license": "MIT"
    },
    "node_modules/@better-fetch/fetch": {
      "version": "1.1.18",
      "resolved": "https://registry.npmjs.org/@better-fetch/fetch/-/fetch-1.1.18.tgz",
      "integrity": "sha512-rEFOE1MYIsBmoMJtQbl32PGHHXuG2hDxvEd7rUHE0vCBoFQVSDqaVs9hkZEtHCxRoY+CljXKFCOuJ8uxqw1LcA=="
    },
    "node_modules/@noble/ciphers": {
      "version": "2.3.0",
      "resolved": "https://registry.npmjs.org/@noble/ciphers/-/ciphers-2.3.0.tgz",
      "integrity": "sha512-Clu/xdfgVTf9o7ngLOURaxePwR0j8sjclKEtVij10/jGulwFsPWCvvRgG/XjUVf8Nei+jLG6uwyXzUTGY1DQrw==",
      "license": "MIT",
      "engines": {
        "node": ">= 20.19.0"
      },
      "funding": {
        "url": "https://paulmillr.com/funding/"
      }
    },
    "node_modules/@noble/hashes": {
      "version": "2.3.0",
      "resolved": "https://registry.npmjs.org/@noble/hashes/-/hashes-2.3.0.tgz",
      "integrity": "sha512-oN+QwyX7VSHotibwubG3kpzbwKrfnyR6OOO+3Nk/53ADL7FmgHHz4TgrbaYKvvOw09u6QTx0oiH1cNCIOuN0CQ==",
      "license": "MIT",
      "engines": {
        "node": ">= 20.19.0"
      },
      "funding": {
        "url": "https://paulmillr.com/funding/"
      }
    },
    "node_modules/@standard-schema/spec": {
      "version": "1.1.0",
      "resolved": "https://registry.npmjs.org/@standard-schema/spec/-/spec-1.1.0.tgz",
      "integrity": "sha512-l2aFy5jALhniG5HgqrD6jXLi/rUWrKvqN/qJx6yoJsgKhblVd+iqqU4RCXavm/jPityDo5TCvKMnpjKnOriy0w==",
      "license": "MIT"
    },
    "node_modules/better-auth": {
      "version": "1.4.0",
      "resolved": "https://registry.npmjs.org/better-auth/-/better-auth-1.4.0.tgz",
      "integrity": "sha512-W49RtERlaosdaLqwXhDxgOmxE0EC/8dVllIsnGpHqFgz4jO3CtW81ABNclXD1nJdy33xkebwX0NSPGn6/UFW/w==",
      "license": "MIT",
      "dependencies": {
        "@better-auth/core": "1.4.0",
        "@better-auth/telemetry": "1.4.0",
        "@better-auth/utils": "0.3.0",
        "@better-fetch/fetch": "1.1.18",
        "@noble/ciphers": "^2.0.0",
        "@noble/hashes": "^2.0.0",
        "@standard-schema/spec": "^1.0.0",
        "better-call": "1.1.0",
        "defu": "^6.1.4",
        "jose": "^6.1.0",
        "kysely": "^0.28.5",
        "nanostores": "^1.0.1",
        "zod": "^4.1.12"
      },
      "peerDependenciesMeta": {
        "@lynx-js/react": {
          "optional": true
        },
        "@sveltejs/kit": {
          "optional": true
        },
        "next": {
          "optional": true
        },
        "react": {
          "optional": true
        },
        "react-dom": {
          "optional": true
        },
        "solid-js": {
          "optional": true
        },
        "svelte": {
          "optional": true
        },
        "vue": {
          "optional": true
        }
      }
    },
    "node_modules/better-call": {
      "version": "1.1.0",
      "resolved": "https://registry.npmjs.org/better-call/-/better-call-1.1.0.tgz",
      "integrity": "sha512-7CecYG+yN8J1uBJni/Mpjryp8bW/YySYsrGEWgFe048ORASjq17keGjbKI2kHEOSc6u8pi11UxzkJ7jIovQw6w==",
      "license": "MIT",
      "dependencies": {
        "@better-auth/utils": "^0.3.0",
        "@better-fetch/fetch": "^1.1.4",
        "rou3": "^0.5.1",
        "set-cookie-parser": "^2.7.1"
      }
    },
    "node_modules/defu": {
      "version": "6.1.7",
      "resolved": "https://registry.npmjs.org/defu/-/defu-6.1.7.tgz",
      "integrity": "sha512-7z22QmUWiQ/2d0KkdYmANbRUVABpZ9SNYyH5vx6PZ+nE5bcC0l7uFvEfHlyld/HcGBFTL536ClDt3DEcSlEJAQ==",
      "license": "MIT"
    },
    "node_modules/hono": {
      "version": "4.13.1",
      "resolved": "https://registry.npmjs.org/hono/-/hono-4.13.1.tgz",
      "integrity": "sha512-kdJoFVv2xmayw6cY09H7AbMJMt8Jn5jdlEdXsP7AGBdF2DIptVlKlOLKXP41yPip4/a3yQPv9gVcJYI8YY04dw==",
      "license": "MIT",
      "engines": {
        "node": ">=16.9.0"
      }
    },
    "node_modules/jose": {
      "version": "6.2.8",
      "resolved": "https://registry.npmjs.org/jose/-/jose-6.2.8.tgz",
      "integrity": "sha512-Bsdjwm3Qsd/P0jR+BHDe3LytDfY7WBq2HmCCLIwuVRHMuEC9ae7/R474GIUdF1NgCyZjzVo/A9DOiOBtXq8ZoQ==",
      "license": "MIT",
      "funding": {
        "url": "https://github.com/sponsors/panva"
      }
    },
    "node_modules/kysely": {
      "version": "0.28.17",
      "resolved": "https://registry.npmjs.org/kysely/-/kysely-0.28.17.tgz",
      "integrity": "sha512-nbD8lB9EB3wNdMhOCdx5Li8DxnLbvKByylRLcJ1h+4SkrowVeECAyZlyiKMThF7xFdRz0jSQ2MoJr+wXux2y0Q==",
      "license": "MIT",
      "engines": {
        "node": ">=20.0.0"
      }
    },
    "node_modules/nanostores": {
      "version": "1.4.2",
      "resolved": "https://registry.npmjs.org/nanostores/-/nanostores-1.4.2.tgz",
      "integrity": "sha512-Wxv8Roefr2nqtiRG0bnaFlpYqpIVtOEeJZHaH+4nGgOK1/7n6OHOuHCb/bhqrNQgZM8fyd0s1PqhdrJc9Ib44g==",
      "funding": [
        {
          "type": "github",
          "url": "https://github.com/sponsors/ai"
        }
      ],
      "license": "MIT",
      "engines": {
        "node": "^20.0.0 || >=22.0.0"
      }
    },
    "node_modules/rou3": {
      "version": "0.5.1",
      "resolved": "https://registry.npmjs.org/rou3/-/rou3-0.5.1.tgz",
      "integrity": "sha512-OXMmJ3zRk2xeXFGfA3K+EOPHC5u7RDFG7lIOx0X1pdnhUkI8MdVrbV+sNsD80ElpUZ+MRHdyxPnFthq9VHs8uQ==",
      "license": "MIT"
    },
    "node_modules/set-cookie-parser": {
      "version": "2.7.2",
      "resolved": "https://registry.npmjs.org/set-cookie-parser/-/set-cookie-parser-2.7.2.tgz",
      "integrity": "sha512-oeM1lpU/UvhTxw+g3cIfxXHyJRc/uidd3yK1P242gzHds0udQBYzs3y8j4gCCW+ZJ7ad0yctld8RYO+bdurlvw==",
      "license": "MIT"
    },
    "node_modules/zod": {
      "version": "4.4.3",
      "resolved": "https://registry.npmjs.org/zod/-/zod-4.4.3.tgz",
      "integrity": "sha512-ytENFjIJFl2UwYglde2jchW2Hwm4GJFLDiSXWdTrJQBIN9Fcyp7n4DhxJEiWNAJMV1/BqWfW/kkg71UDcHJyTQ==",
      "license": "MIT",
      "funding": {
        "url": "https://github.com/sponsors/colinhacks"
      }
    }
  }
}
